
Microsoft Visual Studio Solution File, Format Version 12.00
# Visual Studio Version 16
VisualStudioVersion = 16.0.30503.244
MinimumVisualStudioVersion = 10.0.40219.1
Project("{FAE04EC0-301F-11D3-BF4B-00C04F79EFBC}") = "Consumer Survey System", "Consumer Survey System\Consumer Survey System.csproj", "{A256C7A2-3314-475B-865C-F4EB854F5A0A}"
EndProject
Global
	GlobalSection(SolutionConfigurationPlatforms) = preSolution
		Debug|Any CPU = Debug|Any CPU
		Release|Any CPU = Release|Any CPU
	EndGlobalSection
	GlobalSection(ProjectConfigurationPlatforms) = postSolution
		{A256C7A2-3314-475B-865C-F4EB854F5A0A}.Debug|Any CPU.ActiveCfg = Debug|Any CPU
		{A256C7A2-3314-475B-865C-F4EB854F5A0A}.Debug|Any CPU.Build.0 = Debug|Any CPU
		{A256C7A2-3314-475B-865C-F4EB854F5A0A}.Release|Any CPU.ActiveCfg = Release|Any CPU
		{A256C7A2-3314-475B-865C-F4EB854F5A0A}.Release|Any CPU.Build.0 = Release|Any CPU
	EndGlobalSection
	GlobalSection(SolutionProperties) = preSolution
		HideSolutionNode = FALSE
	EndGlobalSection
	GlobalSection(ExtensibilityGlobals) = postSolution
		SolutionGuid = {192EB35B-AF3A-4756-8A86-F37F147A1080}
	EndGlobalSection
EndGlobal
